
Microsoft Visual Studio Solution File, Format Version 12.00
# Visual Studio Version 17
VisualStudioVersion = 17.9.34728.123
MinimumVisualStudioVersion = 10.0.40219.1
Project("{2150E333-8FDC-42A3-9474-1A3956D46DE8}") = "Solution Items", "Solution Items", "{DF9DDD1A-0BD8-4787-8463-710E14DDCDC9}"
	ProjectSection(SolutionItems) = preProject
		Acceptatie criteria.md = Acceptatie criteria.md
		README.md = README.md
	EndProjectSection
EndProject
Project("{9A19103F-16F7-4668-BE54-9A1E7A4F7556}") = "FastTrack.Testing.Session3.Application", "FastTrack.Testing.Session3.Application\FastTrack.Testing.Session3.Application.csproj", "{58A7F186-BF14-4239-9AAB-0FEF6F6C6576}"
EndProject
Global
	GlobalSection(SolutionConfigurationPlatforms) = preSolution
		Debug|Any CPU = Debug|Any CPU
		Release|Any CPU = Release|Any CPU
	EndGlobalSection
	GlobalSection(ProjectConfigurationPlatforms) = postSolution
		{58A7F186-BF14-4239-9AAB-0FEF6F6C6576}.Debug|Any CPU.ActiveCfg = Debug|Any CPU
		{58A7F186-BF14-4239-9AAB-0FEF6F6C6576}.Debug|Any CPU.Build.0 = Debug|Any CPU
		{58A7F186-BF14-4239-9AAB-0FEF6F6C6576}.Release|Any CPU.ActiveCfg = Release|Any CPU
		{58A7F186-BF14-4239-9AAB-0FEF6F6C6576}.Release|Any CPU.Build.0 = Release|Any CPU
	EndGlobalSection
	GlobalSection(SolutionProperties) = preSolution
		HideSolutionNode = FALSE
	EndGlobalSection
	GlobalSection(ExtensibilityGlobals) = postSolution
		SolutionGuid = {F197588D-73E8-40BC-9BDA-A89CD8C10F22}
	EndGlobalSection
EndGlobal
